
Microsoft Visual Studio Solution File, Format Version 12.00
# Visual Studio Version 16
VisualStudioVersion = 16.0.29418.71
MinimumVisualStudioVersion = 10.0.40219.1
Project("{FAE04EC0-301F-11D3-BF4B-00C04F79EFBC}") = "lab3(nesterov_kak_delfi_1_laba)", "lab3(nesterov_kak_delfi_1_laba).csproj", "{98B88015-4F61-4655-8848-CD4B465E3C48}"
EndProject
Global
	GlobalSection(SolutionConfigurationPlatforms) = preSolution
		Debug|Any CPU = Debug|Any CPU
		Release|Any CPU = Release|Any CPU
	EndGlobalSection
	GlobalSection(ProjectConfigurationPlatforms) = postSolution
		{98B88015-4F61-4655-8848-CD4B465E3C48}.Debug|Any CPU.ActiveCfg = Debug|Any CPU
		{98B88015-4F61-4655-8848-CD4B465E3C48}.Debug|Any CPU.Build.0 = Debug|Any CPU
		{98B88015-4F61-4655-8848-CD4B465E3C48}.Release|Any CPU.ActiveCfg = Release|Any CPU
		{98B88015-4F61-4655-8848-CD4B465E3C48}.Release|Any CPU.Build.0 = Release|Any CPU
	EndGlobalSection
	GlobalSection(SolutionProperties) = preSolution
		HideSolutionNode = FALSE
	EndGlobalSection
	GlobalSection(ExtensibilityGlobals) = postSolution
		SolutionGuid = {23C9280F-BC41-4C15-8FCF-F256A92ACBD1}
	EndGlobalSection
EndGlobal
